dependencies:
- name: redis-sentinel
  repository: ""
  version: 1.0.0
- name: dapr
  repository: https://dapr.github.io/helm-charts/
  version: 1.15.7
- name: dapr-dashboard
  repository: https://dapr.github.io/helm-charts/
  version: 0.15.0
- name: vault
  repository: https://helm.releases.hashicorp.com
  version: 0.31.0
- name: opentelemetry-collector
  repository: https://open-telemetry.github.io/opentelemetry-helm-charts
  version: 0.138.0
- name: kube-prometheus-stack
  repository: https://prometheus-community.github.io/helm-charts
  version: 78.4.0
digest: sha256:4aac50420c141ba0dea9abc3c6d93b09d814638f6736502f95a78df6be7c27d4
generated: "2025-11-18T12:01:12.464217+03:00"
