dependencies:
- name: redis-sentinel
  repository: ""
  version: 1.0.0
- name: dapr
  repository: https://dapr.github.io/helm-charts/
  version: 1.16.12
- name: dapr-dashboard
  repository: https://dapr.github.io/helm-charts/
  version: 0.15.0
- name: vault
  repository: https://helm.releases.hashicorp.com
  version: 0.31.0
- name: opentelemetry-collector
  repository: https://open-telemetry.github.io/opentelemetry-helm-charts
  version: 0.138.0
- name: kube-prometheus-stack
  repository: https://prometheus-community.github.io/helm-charts
  version: 78.4.0
digest: sha256:dc9a57e795de51b141917f3d3e20bfef3218eea862aeb6d1ab508a159e082a6a
generated: "2026-04-16T11:23:37.370657+03:00"
