dependencies:
- name: redis-sentinel
  repository: ""
  version: 1.0.0
- name: dapr
  repository: https://dapr.github.io/helm-charts/
  version: 1.16.12
- name: dapr-dashboard
  repository: https://dapr.github.io/helm-charts/
  version: 0.15.0
- name: vault
  repository: https://helm.releases.hashicorp.com
  version: 0.31.0
- name: opentelemetry-collector
  repository: https://open-telemetry.github.io/opentelemetry-helm-charts
  version: 0.138.0
- name: kube-prometheus-stack
  repository: https://prometheus-community.github.io/helm-charts
  version: 78.4.0
- name: kyverno
  repository: https://kyverno.github.io/kyverno/
  version: 3.7.1
digest: sha256:a40f8d923b69e01b53a8aadf54eebd5d0f7baa177c042cf3150768f5b52e154d
generated: "2026-04-25T02:02:00.398703+03:00"
